
Microsoft Visual Studio Solution File, Format Version 12.00
# Visual Studio Express 2013 for Windows Desktop
VisualStudioVersion = 12.0.21005.1
MinimumVisualStudioVersion = 10.0.40219.1
Project("{8BC9CEB8-8B4A-11D0-8D11-00A0C91BC942}") = "xyzzy", "projects\xyzzy.vcxproj", "{0267AF5C-C0AC-43FF-87F9-F1C181012AB4}"
	ProjectSection(ProjectDependencies) = postProject
		{A2C59236-6E41-487F-AB4A-E988D1C627D8} = {A2C59236-6E41-487F-AB4A-E988D1C627D8}
		{009D9799-3749-4F66-BBC4-83976E5EA7A7} = {009D9799-3749-4F66-BBC4-83976E5EA7A7}
	EndProjectSection
EndProject
Project("{8BC9CEB8-8B4A-11D0-8D11-00A0C91BC942}") = "xyzzycli", "projects\xyzzycli.vcxproj", "{983ABBC6-6781-45A3-BF4B-F1A6B6E733DA}"
EndProject
Project("{8BC9CEB8-8B4A-11D0-8D11-00A0C91BC942}") = "xyzzyenv", "projects\xyzzyenv.vcxproj", "{2C956011-ED51-4699-BAC1-B7687910AF1D}"
EndProject
Project("{8BC9CEB8-8B4A-11D0-8D11-00A0C91BC942}") = "gen-src1", "projects\gen-src1.vcxproj", "{A2C59236-6E41-487F-AB4A-E988D1C627D8}"
EndProject
Project("{8BC9CEB8-8B4A-11D0-8D11-00A0C91BC942}") = "gen-src2", "projects\gen-src2.vcxproj", "{009D9799-3749-4F66-BBC4-83976E5EA7A7}"
	ProjectSection(ProjectDependencies) = postProject
		{A2C59236-6E41-487F-AB4A-E988D1C627D8} = {A2C59236-6E41-487F-AB4A-E988D1C627D8}
	EndProjectSection
EndProject
Global
	GlobalSection(SolutionConfigurationPlatforms) = preSolution
		Debug|Win32 = Debug|Win32
		Release|Win32 = Release|Win32
	EndGlobalSection
	GlobalSection(ProjectConfigurationPlatforms) = postSolution
		{0267AF5C-C0AC-43FF-87F9-F1C181012AB4}.Debug|Win32.ActiveCfg = Debug|Win32
		{0267AF5C-C0AC-43FF-87F9-F1C181012AB4}.Debug|Win32.Build.0 = Debug|Win32
		{0267AF5C-C0AC-43FF-87F9-F1C181012AB4}.Release|Win32.ActiveCfg = Release|Win32
		{0267AF5C-C0AC-43FF-87F9-F1C181012AB4}.Release|Win32.Build.0 = Release|Win32
		{983ABBC6-6781-45A3-BF4B-F1A6B6E733DA}.Debug|Win32.ActiveCfg = Debug|Win32
		{983ABBC6-6781-45A3-BF4B-F1A6B6E733DA}.Debug|Win32.Build.0 = Debug|Win32
		{983ABBC6-6781-45A3-BF4B-F1A6B6E733DA}.Release|Win32.ActiveCfg = Release|Win32
		{983ABBC6-6781-45A3-BF4B-F1A6B6E733DA}.Release|Win32.Build.0 = Release|Win32
		{2C956011-ED51-4699-BAC1-B7687910AF1D}.Debug|Win32.ActiveCfg = Debug|Win32
		{2C956011-ED51-4699-BAC1-B7687910AF1D}.Debug|Win32.Build.0 = Debug|Win32
		{2C956011-ED51-4699-BAC1-B7687910AF1D}.Release|Win32.ActiveCfg = Release|Win32
		{2C956011-ED51-4699-BAC1-B7687910AF1D}.Release|Win32.Build.0 = Release|Win32
		{A2C59236-6E41-487F-AB4A-E988D1C627D8}.Debug|Win32.ActiveCfg = Debug|Win32
		{A2C59236-6E41-487F-AB4A-E988D1C627D8}.Debug|Win32.Build.0 = Debug|Win32
		{A2C59236-6E41-487F-AB4A-E988D1C627D8}.Release|Win32.ActiveCfg = Release|Win32
		{A2C59236-6E41-487F-AB4A-E988D1C627D8}.Release|Win32.Build.0 = Release|Win32
		{009D9799-3749-4F66-BBC4-83976E5EA7A7}.Debug|Win32.ActiveCfg = Debug|Win32
		{009D9799-3749-4F66-BBC4-83976E5EA7A7}.Debug|Win32.Build.0 = Debug|Win32
		{009D9799-3749-4F66-BBC4-83976E5EA7A7}.Release|Win32.ActiveCfg = Release|Win32
		{009D9799-3749-4F66-BBC4-83976E5EA7A7}.Release|Win32.Build.0 = Release|Win32
	EndGlobalSection
	GlobalSection(SolutionProperties) = preSolution
		HideSolutionNode = FALSE
	EndGlobalSection
EndGlobal
